
Microsoft Visual Studio Solution File, Format Version 12.00
# Visual Studio Version 17
VisualStudioVersion = 17.4.33213.308
MinimumVisualStudioVersion = 10.0.40219.1
Project("{9A19103F-16F7-4668-BE54-9A1E7A4F7556}") = "BookingService.Entity", "BookingService.Entity\BookingService.Entity.csproj", "{D53F549D-F774-4573-9266-142DCFB49F3A}"
EndProject
Project("{9A19103F-16F7-4668-BE54-9A1E7A4F7556}") = "BookingService.DataAccess", "BookingService.DataAccess\BookingService.DataAccess.csproj", "{5C9CB76E-DE6E-4295-A96B-F5BBA8D70F00}"
EndProject
Project("{9A19103F-16F7-4668-BE54-9A1E7A4F7556}") = "BookingService.Business", "BookingService.Business\BookingService.Business.csproj", "{72297BBF-EDE9-4692-A04C-E110D9037FB9}"
EndProject
Project("{FAE04EC0-301F-11D3-BF4B-00C04F79EFBC}") = "BookingService.API", "BookingService.API\BookingService.API.csproj", "{47B40042-D777-41E0-A64D-210DF73233F6}"
EndProject
Global
	GlobalSection(SolutionConfigurationPlatforms) = preSolution
		Debug|Any CPU = Debug|Any CPU
		Release|Any CPU = Release|Any CPU
	EndGlobalSection
	GlobalSection(ProjectConfigurationPlatforms) = postSolution
		{D53F549D-F774-4573-9266-142DCFB49F3A}.Debug|Any CPU.ActiveCfg = Debug|Any CPU
		{D53F549D-F774-4573-9266-142DCFB49F3A}.Debug|Any CPU.Build.0 = Debug|Any CPU
		{D53F549D-F774-4573-9266-142DCFB49F3A}.Release|Any CPU.ActiveCfg = Release|Any CPU
		{D53F549D-F774-4573-9266-142DCFB49F3A}.Release|Any CPU.Build.0 = Release|Any CPU
		{5C9CB76E-DE6E-4295-A96B-F5BBA8D70F00}.Debug|Any CPU.ActiveCfg = Debug|Any CPU
		{5C9CB76E-DE6E-4295-A96B-F5BBA8D70F00}.Debug|Any CPU.Build.0 = Debug|Any CPU
		{5C9CB76E-DE6E-4295-A96B-F5BBA8D70F00}.Release|Any CPU.ActiveCfg = Release|Any CPU
		{5C9CB76E-DE6E-4295-A96B-F5BBA8D70F00}.Release|Any CPU.Build.0 = Release|Any CPU
		{72297BBF-EDE9-4692-A04C-E110D9037FB9}.Debug|Any CPU.ActiveCfg = Debug|Any CPU
		{72297BBF-EDE9-4692-A04C-E110D9037FB9}.Debug|Any CPU.Build.0 = Debug|Any CPU
		{72297BBF-EDE9-4692-A04C-E110D9037FB9}.Release|Any CPU.ActiveCfg = Release|Any CPU
		{72297BBF-EDE9-4692-A04C-E110D9037FB9}.Release|Any CPU.Build.0 = Release|Any CPU
		{47B40042-D777-41E0-A64D-210DF73233F6}.Debug|Any CPU.ActiveCfg = Debug|Any CPU
		{47B40042-D777-41E0-A64D-210DF73233F6}.Debug|Any CPU.Build.0 = Debug|Any CPU
		{47B40042-D777-41E0-A64D-210DF73233F6}.Release|Any CPU.ActiveCfg = Release|Any CPU
		{47B40042-D777-41E0-A64D-210DF73233F6}.Release|Any CPU.Build.0 = Release|Any CPU
	EndGlobalSection
	GlobalSection(SolutionProperties) = preSolution
		HideSolutionNode = FALSE
	EndGlobalSection
	GlobalSection(ExtensibilityGlobals) = postSolution
		SolutionGuid = {4210EFD1-B081-4C69-B612-E47B6507BE92}
	EndGlobalSection
EndGlobal
